
Microsoft Visual Studio Solution File, Format Version 12.00
# Visual Studio 2012
Project("{E24C65DC-7377-472B-9ABA-BC803B73C61A}") = "LevykauppaX", "LevykauppaX\", "{944EF91F-10F0-42B0-A80C-206681B8573B}"
	ProjectSection(WebsiteProperties) = preProject
		TargetFrameworkMoniker = ".NETFramework,Version%3Dv4.5"
		Debug.AspNetCompiler.VirtualPath = "/LevykauppaX"
		Debug.AspNetCompiler.PhysicalPath = "D:\Janne_datanomi\Ammattikorkea\H3387\NET-ohjelmointi\Testaus_ja_kehitys\T10LevykauppaX\LevykauppaX\"
		Debug.AspNetCompiler.TargetPath = "PrecompiledWeb\LevykauppaX\"
		Debug.AspNetCompiler.Updateable = "true"
		Debug.AspNetCompiler.ForceOverwrite = "true"
		Debug.AspNetCompiler.FixedNames = "false"
		Debug.AspNetCompiler.Debug = "True"
		Release.AspNetCompiler.VirtualPath = "/LevykauppaX"
		Release.AspNetCompiler.PhysicalPath = "D:\Janne_datanomi\Ammattikorkea\H3387\NET-ohjelmointi\Testaus_ja_kehitys\T10LevykauppaX\LevykauppaX\"
		Release.AspNetCompiler.TargetPath = "PrecompiledWeb\LevykauppaX\"
		Release.AspNetCompiler.Updateable = "true"
		Release.AspNetCompiler.ForceOverwrite = "true"
		Release.AspNetCompiler.FixedNames = "false"
		Release.AspNetCompiler.Debug = "False"
		VWDPort = "5048"
	EndProjectSection
EndProject
Global
	GlobalSection(SolutionConfigurationPlatforms) = preSolution
		Debug|Any CPU = Debug|Any CPU
	EndGlobalSection
	GlobalSection(ProjectConfigurationPlatforms) = postSolution
		{944EF91F-10F0-42B0-A80C-206681B8573B}.Debug|Any CPU.ActiveCfg = Debug|Any CPU
		{944EF91F-10F0-42B0-A80C-206681B8573B}.Debug|Any CPU.Build.0 = Debug|Any CPU
	EndGlobalSection
	GlobalSection(SolutionProperties) = preSolution
		HideSolutionNode = FALSE
	EndGlobalSection
EndGlobal
